{
  "nodes": {
    "dev": {
      "inputs": {
        "nixpkgs": "nixpkgs"
      },
      "locked": {
        "lastModified": 1742678379,
        "narHash": "sha256-INbK3xb2DAhKIebVslAa/EedVX8EkrEbBtqbJ6jpI+Q=",
        "path": "/home/thomas/coding/nix/flakes/modules/dev",
        "type": "path"
      },
      "original": {
        "path": "/home/thomas/coding/nix/flakes/modules/dev",
        "type": "path"
      }
    },
    "hyprland": {
      "inputs": {
        "nixpkgs": "nixpkgs_2"
      },
      "locked": {
        "lastModified": 1742678034,
        "narHash": "sha256-EbYsKqekS6EkXRzoTCKj18mrK+AVKH18+nd42IF884c=",
        "path": "/home/thomas/coding/nix/flakes/modules/hypr",
        "type": "path"
      },
      "original": {
        "path": "/home/thomas/coding/nix/flakes/modules/hypr",
        "type": "path"
      }
    },
    "nixpkgs": {
      "locked": {
        "lastModified": 1742578646,
        "narHash": "sha256-GiQ40ndXRnmmbDZvuv762vS+gew1uDpFwOfgJ8tLiEs=",
        "owner": "NixOS",
        "repo": "nixpkgs",
        "rev": "94c4dbe77c0740ebba36c173672ca15a7926c993",
        "type": "github"
      },
      "original": {
        "id": "nixpkgs",
        "type": "indirect"
      }
    },
    "nixpkgs_2": {
      "locked": {
        "lastModified": 1742578646,
        "narHash": "sha256-GiQ40ndXRnmmbDZvuv762vS+gew1uDpFwOfgJ8tLiEs=",
        "owner": "NixOS",
        "repo": "nixpkgs",
        "rev": "94c4dbe77c0740ebba36c173672ca15a7926c993",
        "type": "github"
      },
      "original": {
        "id": "nixpkgs",
        "type": "indirect"
      }
    },
    "nixpkgs_3": {
      "locked": {
        "lastModified": 1742422364,
        "narHash": "sha256-mNqIplmEohk5jRkqYqG19GA8MbQ/D4gQSK0Mu4LvfRQ=",
        "owner": "NixOS",
        "repo": "nixpkgs",
        "rev": "a84ebe20c6bc2ecbcfb000a50776219f48d134cc",
        "type": "github"
      },
      "original": {
        "owner": "NixOS",
        "ref": "nixos-unstable",
        "repo": "nixpkgs",
        "type": "github"
      }
    },
    "root": {
      "inputs": {
        "dev": "dev",
        "hyprland": "hyprland",
        "nixpkgs": "nixpkgs_3"
      }
    }
  },
  "root": "root",
  "version": 7
}
